#MicroXplorer Configuration settings - do not modify
CAD.formats=
CAD.pinconfig=
CAD.provider=
File.Version=6
I2C1.Analog_Filter=I2C_ANALOGFILTER_ENABLE
I2C1.CustomTiming=Disabled
I2C1.I2C_Speed_Mode=I2C_Fast_Plus
I2C1.IPParameters=Timing,CustomTiming,Analog_Filter,I2C_Speed_Mode
I2C1.Timing=0x00300B29
I2C2.IPParameters=Timing
I2C2.Timing=0x10707DBC
KeepUserPlacement=false
Mcu.CPN=STM32G0B1RET6
Mcu.Family=STM32G0
Mcu.IP0=I2C1
Mcu.IP1=I2C2
Mcu.IP10=USART1
Mcu.IP11=USART2
Mcu.IP12=USART4
Mcu.IP13=USART5
Mcu.IP14=USART6
Mcu.IP15=USB_DEVICE
Mcu.IP16=USB_DRD_FS
Mcu.IP2=NVIC
Mcu.IP3=RCC
Mcu.IP4=SPI1
Mcu.IP5=SYS
Mcu.IP6=TIM1
Mcu.IP7=TIM2
Mcu.IP8=TIM3
Mcu.IP9=TIM15
Mcu.IPNb=17
Mcu.Name=STM32G0B1R(B-C-E)Tx
Mcu.Package=LQFP64
Mcu.Pin0=PC11
Mcu.Pin1=PC12
Mcu.Pin10=PC3
Mcu.Pin11=PA0
Mcu.Pin12=PA1
Mcu.Pin13=PA2
Mcu.Pin14=PA3
Mcu.Pin15=PA4
Mcu.Pin16=PA5
Mcu.Pin17=PA6
Mcu.Pin18=PA7
Mcu.Pin19=PC5
Mcu.Pin2=PC13
Mcu.Pin20=PB0
Mcu.Pin21=PB1
Mcu.Pin22=PB2
Mcu.Pin23=PB10
Mcu.Pin24=PB11
Mcu.Pin25=PB12
Mcu.Pin26=PB13
Mcu.Pin27=PB14
Mcu.Pin28=PB15
Mcu.Pin29=PA8
Mcu.Pin3=PC14-OSC32_IN (PC14)
Mcu.Pin30=PA9
Mcu.Pin31=PC6
Mcu.Pin32=PC7
Mcu.Pin33=PD8
Mcu.Pin34=PD9
Mcu.Pin35=PA10
Mcu.Pin36=PA11 [PA9]
Mcu.Pin37=PA12 [PA10]
Mcu.Pin38=PA13
Mcu.Pin39=PA14-BOOT0
Mcu.Pin4=PC15-OSC32_OUT (PC15)
Mcu.Pin40=PA15
Mcu.Pin41=PC8
Mcu.Pin42=PC9
Mcu.Pin43=PD0
Mcu.Pin44=PD1
Mcu.Pin45=PD2
Mcu.Pin46=PD3
Mcu.Pin47=PD4
Mcu.Pin48=PD5
Mcu.Pin49=PD6
Mcu.Pin5=PF0-OSC_IN (PF0)
Mcu.Pin50=PB3
Mcu.Pin51=PB4
Mcu.Pin52=PB5
Mcu.Pin53=PB6
Mcu.Pin54=PB7
Mcu.Pin55=PB8
Mcu.Pin56=PB9
Mcu.Pin57=PC10
Mcu.Pin58=VP_SYS_VS_Systick
Mcu.Pin59=VP_TIM1_VS_ClockSourceINT
Mcu.Pin6=PF1-OSC_OUT (PF1)
Mcu.Pin60=VP_TIM2_VS_ClockSourceINT
Mcu.Pin61=VP_TIM3_VS_ClockSourceINT
Mcu.Pin62=VP_USB_DEVICE_VS_USB_DEVICE_CDC_FS
Mcu.Pin7=PC0
Mcu.Pin8=PC1
Mcu.Pin9=PC2
Mcu.PinsNb=63
Mcu.ThirdPartyNb=0
Mcu.UserConstants=
Mcu.UserName=STM32G0B1RETx
MxCube.Version=6.8.1
MxDb.Version=DB.6.0.81
NVIC.ForceEnableDMAVector=true
NVIC.HardFault_IRQn=true\:0\:0\:false\:false\:true\:false\:false\:false
NVIC.I2C2_3_IRQn=true\:2\:0\:true\:false\:true\:true\:true\:true
NVIC.NonMaskableInt_IRQn=true\:0\:0\:false\:false\:true\:false\:false\:false
NVIC.PendSV_IRQn=true\:0\:0\:false\:false\:true\:false\:false\:false
NVIC.SVC_IRQn=true\:0\:0\:false\:false\:true\:false\:false\:true
NVIC.SysTick_IRQn=true\:0\:0\:true\:false\:true\:false\:true\:false
PA0.GPIOParameters=GPIO_Label
PA0.GPIO_Label=th0_pwm
PA0.Locked=true
PA0.Signal=S_TIM2_CH1_ETR
PA1.GPIOParameters=GPIO_Label
PA1.GPIO_Label=servos
PA1.Locked=true
PA1.Signal=GPIO_Input
PA10.GPIOParameters=GPIO_Label
PA10.GPIO_Label=j10_6_rx1
PA10.Locked=true
PA10.Mode=Asynchronous
PA10.Signal=USART1_RX
PA11\ [PA9].Mode=Device
PA11\ [PA9].Signal=USB_DM
PA12\ [PA10].Mode=Device
PA12\ [PA10].Signal=USB_DP
PA13.Mode=Serial_Wire
PA13.Signal=SYS_SWDIO
PA14-BOOT0.Mode=Serial_Wire
PA14-BOOT0.Signal=SYS_SWCLK
PA15.GPIOParameters=GPIO_Label
PA15.GPIO_Label=j10_9_btn_enc
PA15.Locked=true
PA15.Signal=GPIO_Output
PA2.GPIOParameters=GPIO_Label
PA2.GPIO_Label=p3_3_tx2
PA2.Locked=true
PA2.Mode=Asynchronous
PA2.Signal=USART2_TX
PA3.GPIOParameters=GPIO_Label
PA3.GPIO_Label=p3_2_rx2
PA3.Locked=true
PA3.Mode=Asynchronous
PA3.Signal=USART2_RX
PA4.GPIOParameters=GPIO_Label
PA4.GPIO_Label=sdcard_cs
PA4.Locked=true
PA4.Signal=GPIO_Output
PA5.GPIOParameters=GPIO_Label
PA5.GPIO_Label=spi1_sck
PA5.Locked=true
PA5.Mode=Full_Duplex_Master
PA5.Signal=SPI1_SCK
PA6.GPIOParameters=GPIO_Label
PA6.GPIO_Label=spi1_miso
PA6.Locked=true
PA6.Mode=Full_Duplex_Master
PA6.Signal=SPI1_MISO
PA7.GPIOParameters=GPIO_Label
PA7.GPIO_Label=spi1_mosi
PA7.Locked=true
PA7.Mode=Full_Duplex_Master
PA7.Signal=SPI1_MOSI
PA8.GPIOParameters=GPIO_Label
PA8.GPIO_Label=neo_tim
PA8.Locked=true
PA8.Signal=S_TIM1_CH1
PA9.GPIOParameters=GPIO_Label
PA9.GPIO_Label=j10_8_tx1
PA9.Locked=true
PA9.Mode=Asynchronous
PA9.Signal=USART1_TX
PB0.GPIOParameters=GPIO_Label
PB0.GPIO_Label=z_step
PB0.Locked=true
PB0.Signal=GPIO_Output
PB1.GPIOParameters=GPIO_Label
PB1.GPIO_Label=z_en
PB1.Locked=true
PB1.Signal=GPIO_Output
PB10.GPIOParameters=GPIO_Label
PB10.GPIO_Label=y_step
PB10.Locked=true
PB10.Signal=GPIO_Output
PB11.GPIOParameters=GPIO_Label
PB11.GPIO_Label=y_en
PB11.Locked=true
PB11.Signal=GPIO_Output
PB12.GPIOParameters=GPIO_Label
PB12.GPIO_Label=x_dir
PB12.Locked=true
PB12.Signal=GPIO_Output
PB13.GPIOParameters=GPIO_Label
PB13.GPIO_Label=x_step
PB13.Locked=true
PB13.Signal=GPIO_Output
PB14.GPIOParameters=GPIO_Label
PB14.GPIO_Label=x_en
PB14.Locked=true
PB14.Signal=GPIO_Output
PB15.GPIOParameters=GPIO_Label
PB15.GPIO_Label=fan1_pwm
PB15.Locked=true
PB15.Signal=S_TIM15_CH2
PB2.GPIOParameters=GPIO_Label
PB2.GPIO_Label=y_dir
PB2.Locked=true
PB2.Signal=GPIO_Output
PB3.GPIOParameters=GPIO_Label
PB3.GPIO_Label=e0stp_i2c2_scl
PB3.Locked=true
PB3.Mode=I2C
PB3.Signal=I2C2_SCL
PB4.GPIOParameters=GPIO_Label
PB4.GPIO_Label=e0dir_i2c2_sda
PB4.Locked=true
PB4.Mode=I2C
PB4.Signal=I2C2_SDA
PB5.GPIOParameters=GPIO_Label
PB5.GPIO_Label=j10_10_beeper
PB5.Locked=true
PB5.Signal=GPIO_Output
PB6.Locked=true
PB6.Mode=I2C
PB6.Signal=I2C1_SCL
PB7.Locked=true
PB7.Mode=I2C
PB7.Signal=I2C1_SDA
PB8.GPIOParameters=GPIO_Label
PB8.GPIO_Label=j10_4_tx6
PB8.Locked=true
PB8.Mode=Asynchronous
PB8.Signal=USART6_TX
PB9.GPIOParameters=GPIO_Label
PB9.GPIO_Label=j10_5_rx6
PB9.Locked=true
PB9.Mode=Asynchronous
PB9.Signal=USART6_RX
PC0.GPIOParameters=GPIO_Label
PC0.GPIO_Label=x_stop
PC0.Locked=true
PC0.Signal=GPIO_Input
PC1.GPIOParameters=GPIO_Label
PC1.GPIO_Label=y_stop
PC1.Locked=true
PC1.Signal=GPIO_Input
PC10.GPIOParameters=GPIO_Label
PC10.GPIO_Label=tmc2209_tx4
PC10.Locked=true
PC10.Mode=Asynchronous
PC10.Signal=USART4_TX
PC11.GPIOParameters=GPIO_Label
PC11.GPIO_Label=tmc2209_rx4
PC11.Locked=true
PC11.Mode=Asynchronous
PC11.Signal=USART4_RX
PC12.GPIOParameters=GPIO_Label
PC12.GPIO_Label=j7_3_pwr_det
PC12.Locked=true
PC12.Signal=GPIO_Input
PC13.GPIOParameters=GPIO_Label
PC13.GPIO_Label=j6_2_ps_on
PC13.Locked=true
PC13.Signal=GPIO_Input
PC14-OSC32_IN\ (PC14).GPIOParameters=GPIO_Label
PC14-OSC32_IN\ (PC14).GPIO_Label=probe
PC14-OSC32_IN\ (PC14).Locked=true
PC14-OSC32_IN\ (PC14).Signal=GPIO_Input
PC15-OSC32_OUT\ (PC15).GPIOParameters=GPIO_Label
PC15-OSC32_OUT\ (PC15).GPIO_Label=e0_stop
PC15-OSC32_OUT\ (PC15).Locked=true
PC15-OSC32_OUT\ (PC15).Signal=GPIO_Input
PC2.GPIOParameters=GPIO_Label
PC2.GPIO_Label=z_stop
PC2.Locked=true
PC2.Signal=GPIO_Input
PC3.GPIOParameters=GPIO_Label
PC3.GPIO_Label=sd_det
PC3.Locked=true
PC3.Signal=GPIO_Input
PC5.GPIOParameters=GPIO_Label
PC5.GPIO_Label=z_dir
PC5.Locked=true
PC5.Signal=GPIO_Output
PC6.GPIOParameters=GPIO_Label
PC6.GPIO_Label=fan0_pwm
PC6.Locked=true
PC6.Signal=S_TIM3_CH1
PC7.GPIOParameters=GPIO_Label
PC7.GPIO_Label=fan_pwm
PC7.Locked=true
PC7.Signal=S_TIM3_CH2
PC8.GPIOParameters=GPIO_Label
PC8.GPIO_Label=he0_pwm
PC8.Locked=true
PC8.Signal=S_TIM3_CH3
PC9.GPIOParameters=GPIO_Label
PC9.GPIO_Label=bed_pwm
PC9.Locked=true
PC9.Signal=S_TIM3_CH4
PD0.GPIOParameters=GPIO_Label
PD0.GPIO_Label=j13_5_out
PD0.Locked=true
PD0.Signal=GPIO_Output
PD1.GPIOParameters=GPIO_Label
PD1.GPIO_Label=e0_en_i2c2_int
PD1.Locked=true
PD1.Signal=GPIO_Output
PD2.GPIOParameters=GPIO_Label
PD2.GPIO_Label=j13_4_rx5
PD2.Locked=true
PD2.Mode=Asynchronous
PD2.Signal=USART5_RX
PD3.GPIOParameters=GPIO_Label
PD3.GPIO_Label=j13_3_tx5
PD3.Locked=true
PD3.Mode=Asynchronous
PD3.Signal=USART5_TX
PD4.GPIOParameters=GPIO_Label
PD4.GPIO_Label=j13_2_out
PD4.Locked=true
PD4.Signal=GPIO_Output
PD5.GPIOParameters=GPIO_Label
PD5.GPIO_Label=j13_1_out
PD5.Locked=true
PD5.Signal=GPIO_Output
PD6.GPIOParameters=GPIO_Label
PD6.GPIO_Label=j10_3_lcd_en
PD6.Locked=true
PD6.Signal=GPIO_Output
PD8.GPIOParameters=GPIO_Label
PD8.GPIO_Label=status
PD8.Locked=true
PD8.Signal=GPIO_Output
PD9.GPIOParameters=GPIO_Label
PD9.GPIO_Label=spi1_cs
PD9.Locked=true
PD9.Signal=GPIO_Output
PF0-OSC_IN\ (PF0).Mode=HSE-External-Oscillator
PF0-OSC_IN\ (PF0).Signal=RCC_OSC_IN
PF1-OSC_OUT\ (PF1).Mode=HSE-External-Oscillator
PF1-OSC_OUT\ (PF1).Signal=RCC_OSC_OUT
PinOutPanel.RotationAngle=0
ProjectManager.AskForMigrate=true
ProjectManager.BackupPrevious=false
ProjectManager.CompilerOptimize=6
ProjectManager.ComputerToolchain=false
ProjectManager.CoupleFile=false
ProjectManager.CustomerFirmwarePackage=
ProjectManager.DefaultFWLocation=true
ProjectManager.DeletePrevious=true
ProjectManager.DeviceId=STM32G0B1RETx
ProjectManager.FirmwarePackage=STM32Cube FW_G0 V1.6.1
ProjectManager.FreePins=false
ProjectManager.HalAssertFull=false
ProjectManager.HeapSize=0x200
ProjectManager.KeepUserCode=true
ProjectManager.LastFirmware=true
ProjectManager.LibraryCopy=1
ProjectManager.MainLocation=Core/Src
ProjectManager.NoMain=false
ProjectManager.PreviousToolchain=
ProjectManager.ProjectBuild=false
ProjectManager.ProjectFileName=stm32g0b1ret_cube.ioc
ProjectManager.ProjectName=stm32g0b1ret_cube
ProjectManager.ProjectStructure=
ProjectManager.RegisterCallBack=
ProjectManager.StackSize=0x400
ProjectManager.TargetToolchain=STM32CubeIDE
ProjectManager.ToolChainLocation=
ProjectManager.UnderRoot=true
ProjectManager.functionlistsort=1-SystemClock_Config-RCC-false-LL-false,2-MX_GPIO_Init-GPIO-false-HAL-true,3-MX_I2C1_Init-I2C1-false-HAL-true,4-MX_I2C2_Init-I2C2-false-HAL-true,5-MX_SPI1_Init-SPI1-false-HAL-true,6-MX_USART1_UART_Init-USART1-false-HAL-true,7-MX_USART2_UART_Init-USART2-false-HAL-true,8-MX_USART4_UART_Init-USART4-false-HAL-true,9-MX_USB_Device_Init-USB_DEVICE-false-HAL-false,10-MX_TIM1_Init-TIM1-false-HAL-true,11-MX_TIM2_Init-TIM2-false-HAL-true,12-MX_TIM3_Init-TIM3-false-HAL-true,13-MX_TIM15_Init-TIM15-false-HAL-true,14-MX_USART5_UART_Init-USART5-false-HAL-true,15-MX_USART6_UART_Init-USART6-false-HAL-true
RCC.ADCFreq_Value=64000000
RCC.AHBFreq_Value=64000000
RCC.APBFreq_Value=64000000
RCC.APBTimFreq_Value=64000000
RCC.CECFreq_Value=32786.88524590164
RCC.CortexFreq_Value=64000000
RCC.EXTERNAL_CLOCK_VALUE=48000
RCC.FCLKCortexFreq_Value=64000000
RCC.FDCANFreq_Value=64000000
RCC.FamilyName=M
RCC.HCLKFreq_Value=64000000
RCC.HSE_VALUE=8000000
RCC.HSI48_VALUE=48000000
RCC.HSI_VALUE=16000000
RCC.I2C1Freq_Value=64000000
RCC.I2C2Freq_Value=64000000
RCC.I2S1Freq_Value=64000000
RCC.I2S2Freq_Value=64000000
RCC.IPParameters=ADCFreq_Value,AHBFreq_Value,APBFreq_Value,APBTimFreq_Value,CECFreq_Value,CortexFreq_Value,EXTERNAL_CLOCK_VALUE,FCLKCortexFreq_Value,FDCANFreq_Value,FamilyName,HCLKFreq_Value,HSE_VALUE,HSI48_VALUE,HSI_VALUE,I2C1Freq_Value,I2C2Freq_Value,I2S1Freq_Value,I2S2Freq_Value,LPTIM1Freq_Value,LPTIM2Freq_Value,LPUART1Freq_Value,LPUART2Freq_Value,LSCOPinFreq_Value,LSE_VALUE,LSI_VALUE,MCO1PinFreq_Value,MCO2PinFreq_Value,PLLN,PLLPoutputFreq_Value,PLLQoutputFreq_Value,PLLRCLKFreq_Value,PLLSourceVirtual,PWRFreq_Value,SYSCLKFreq_VALUE,SYSCLKSource,TIM15Freq_Value,TIM1Freq_Value,USART1Freq_Value,USART2Freq_Value,USART3Freq_Value,USBFreq_Value,VCOInputFreq_Value,VCOOutputFreq_Value
RCC.LPTIM1Freq_Value=64000000
RCC.LPTIM2Freq_Value=64000000
RCC.LPUART1Freq_Value=64000000
RCC.LPUART2Freq_Value=64000000
RCC.LSCOPinFreq_Value=32000
RCC.LSE_VALUE=32768
RCC.LSI_VALUE=32000
RCC.MCO1PinFreq_Value=64000000
RCC.MCO2PinFreq_Value=64000000
RCC.PLLN=16
RCC.PLLPoutputFreq_Value=64000000
RCC.PLLQoutputFreq_Value=64000000
RCC.PLLRCLKFreq_Value=64000000
RCC.PLLSourceVirtual=RCC_PLLSOURCE_HSE
RCC.PWRFreq_Value=64000000
RCC.SYSCLKFreq_VALUE=64000000
RCC.SYSCLKSource=RCC_SYSCLKSOURCE_PLLCLK
RCC.TIM15Freq_Value=64000000
RCC.TIM1Freq_Value=64000000
RCC.USART1Freq_Value=64000000
RCC.USART2Freq_Value=64000000
RCC.USART3Freq_Value=64000000
RCC.USBFreq_Value=48000000
RCC.VCOInputFreq_Value=8000000
RCC.VCOOutputFreq_Value=128000000
SH.S_TIM15_CH2.0=TIM15_CH2,PWM_Input_2
SH.S_TIM15_CH2.ConfNb=1
SH.S_TIM1_CH1.0=TIM1_CH1,PWM Generation1 CH1
SH.S_TIM1_CH1.ConfNb=1
SH.S_TIM2_CH1_ETR.0=TIM2_CH1,PWM Generation1 CH1
SH.S_TIM2_CH1_ETR.ConfNb=1
SH.S_TIM3_CH1.0=TIM3_CH1,PWM Generation1 CH1
SH.S_TIM3_CH1.ConfNb=1
SH.S_TIM3_CH2.0=TIM3_CH2,PWM Generation2 CH2
SH.S_TIM3_CH2.ConfNb=1
SH.S_TIM3_CH3.0=TIM3_CH3,PWM Generation3 CH3
SH.S_TIM3_CH3.ConfNb=1
SH.S_TIM3_CH4.0=TIM3_CH4,PWM Generation4 CH4
SH.S_TIM3_CH4.ConfNb=1
SPI1.CalculateBaudRate=32.0 MBits/s
SPI1.Direction=SPI_DIRECTION_2LINES
SPI1.IPParameters=VirtualType,Mode,Direction,CalculateBaudRate
SPI1.Mode=SPI_MODE_MASTER
SPI1.VirtualType=VM_MASTER
TIM1.Channel-PWM\ Generation1\ CH1=TIM_CHANNEL_1
TIM1.IPParameters=Channel-PWM Generation1 CH1
TIM2.Channel-PWM\ Generation1\ CH1=TIM_CHANNEL_1
TIM2.IPParameters=Channel-PWM Generation1 CH1
TIM3.Channel-PWM\ Generation1\ CH1=TIM_CHANNEL_1
TIM3.Channel-PWM\ Generation2\ CH2=TIM_CHANNEL_2
TIM3.Channel-PWM\ Generation3\ CH3=TIM_CHANNEL_3
TIM3.Channel-PWM\ Generation4\ CH4=TIM_CHANNEL_4
TIM3.IPParameters=Channel-PWM Generation2 CH2,Channel-PWM Generation1 CH1,Channel-PWM Generation3 CH3,Channel-PWM Generation4 CH4
USART1.DMADisableonRxErrorParam=ADVFEATURE_DMA_DISABLEONRXERROR
USART1.IPParameters=VirtualMode-Asynchronous,VirtualMode-Hardware Flow Control (RS485),DMADisableonRxErrorParam
USART1.VirtualMode-Asynchronous=VM_ASYNC
USART1.VirtualMode-Hardware\ Flow\ Control\ (RS485)=VM_ASYNC
USART2.AutoBaudRateEnableParam=UART_ADVFEATURE_AUTOBAUDRATE_ENABLE
USART2.IPParameters=VirtualMode-Asynchronous,AutoBaudRateEnableParam
USART2.VirtualMode-Asynchronous=VM_ASYNC
USART4.IPParameters=VirtualMode-Asynchronous
USART4.VirtualMode-Asynchronous=VM_ASYNC
USART5.IPParameters=VirtualMode-Asynchronous
USART5.VirtualMode-Asynchronous=VM_ASYNC
USART6.IPParameters=VirtualMode-Asynchronous
USART6.VirtualMode-Asynchronous=VM_ASYNC
USB_DEVICE.APP_RX_DATA_SIZE=256
USB_DEVICE.APP_TX_DATA_SIZE=256
USB_DEVICE.CLASS_NAME_FS=CDC
USB_DEVICE.IPParameters=VirtualMode,VirtualModeFS,CLASS_NAME_FS,APP_RX_DATA_SIZE,APP_TX_DATA_SIZE
USB_DEVICE.VirtualMode=Cdc
USB_DEVICE.VirtualModeFS=Cdc_FS
VP_SYS_VS_Systick.Mode=SysTick
VP_SYS_VS_Systick.Signal=SYS_VS_Systick
VP_TIM1_VS_ClockSourceINT.Mode=Internal
VP_TIM1_VS_ClockSourceINT.Signal=TIM1_VS_ClockSourceINT
VP_TIM2_VS_ClockSourceINT.Mode=Internal
VP_TIM2_VS_ClockSourceINT.Signal=TIM2_VS_ClockSourceINT
VP_TIM3_VS_ClockSourceINT.Mode=Internal
VP_TIM3_VS_ClockSourceINT.Signal=TIM3_VS_ClockSourceINT
VP_USB_DEVICE_VS_USB_DEVICE_CDC_FS.Mode=CDC_FS
VP_USB_DEVICE_VS_USB_DEVICE_CDC_FS.Signal=USB_DEVICE_VS_USB_DEVICE_CDC_FS
board=custom
isbadioc=false
